// !$*UTF8*$!
{
	archiveVersion = 1;
	classes = {
	};
	objectVersion = 46;
	objects = {

/* Begin PBXBuildFile section */
		D46062CE1B8B4E7A005C091A /* AppDelegate.swift in Sources */ = {isa = PBXBuildFile; fileRef = D46062CD1B8B4E7A005C091A /* AppDelegate.swift */; };
		D46062D01B8B4E7A005C091A /* ViewController.swift in Sources */ = {isa = PBXBuildFile; fileRef = D46062CF1B8B4E7A005C091A /* ViewController.swift */; };
		D46062D31B8B4E7A005C091A /* Main.storyboard in Resources */ = {isa = PBXBuildFile; fileRef = D46062D11B8B4E7A005C091A /* Main.storyboard */; };
		D46062D51B8B4E7A005C091A /* Images.xcassets in Resources */ = {isa = PBXBuildFile; fileRef = D46062D41B8B4E7A005C091A /* Images.xcassets */; };
		D46062D81B8B4E7A005C091A /* LaunchScreen.xib in Resources */ = {isa = PBXBuildFile; fileRef = D46062D61B8B4E7A005C091A /* LaunchScreen.xib */; };
		D46062E41B8B4E7A005C091A /* BouncerTests.swift in Sources */ = {isa = PBXBuildFile; fileRef = D46062E31B8B4E7A005C091A /* BouncerTests.swift */; };
		D46063051B8B4EBE005C091A /* BouncerBehavior.swift in Sources */ = {isa = PBXBuildFile; fileRef = D46063041B8B4EBE005C091A /* BouncerBehavior.swift */; };
/* End PBXBuildFile section */

/* Begin PBXContainerItemProxy section */
		D46062DE1B8B4E7A005C091A /* PBXContainerItemProxy */ = {
			isa = PBXContainerItemProxy;
			containerPortal = D46062C01B8B4E7A005C091A /* Project object */;
			proxyType = 1;
			remoteGlobalIDString = D46062C71B8B4E7A005C091A;
			remoteInfo = Bouncer;
		};
/* End PBXContainerItemProxy section */

/* Begin PBXFileReference section */
		D46062C81B8B4E7A005C091A /* Bouncer.app */ = {isa = PBXFileReference; explicitFileType = wrapper.application; includeInIndex = 0; path = Bouncer.app; sourceTree = BUILT_PRODUCTS_DIR; };
		D46062CC1B8B4E7A005C091A /* Info.plist */ = {isa = PBXFileReference; lastKnownFileType = text.plist.xml; path = Info.plist; sourceTree = "<group>"; };
		D46062CD1B8B4E7A005C091A /* AppDelegate.swift */ = {isa = PBXFileReference; lastKnownFileType = sourcecode.swift; path = AppDelegate.swift; sourceTree = "<group>"; };
		D46062CF1B8B4E7A005C091A /* ViewController.swift */ = {isa = PBXFileReference; lastKnownFileType = sourcecode.swift; path = ViewController.swift; sourceTree = "<group>"; };
		D46062D21B8B4E7A005C091A /* Base */ = {isa = PBXFileReference; lastKnownFileType = file.storyboard; name = Base; path = Base.lproj/Main.storyboard; sourceTree = "<group>"; };
		D46062D41B8B4E7A005C091A /* Images.xcassets */ = {isa = PBXFileReference; lastKnownFileType = folder.assetcatalog; path = Images.xcassets; sourceTree = "<group>"; };
		D46062D71B8B4E7A005C091A /* Base */ = {isa = PBXFileReference; lastKnownFileType = file.xib; name = Base; path = Base.lproj/LaunchScreen.xib; sourceTree = "<group>"; };
		D46062DD1B8B4E7A005C091A /* BouncerTests.xctest */ = {isa = PBXFileReference; explicitFileType = wrapper.cfbundle; includeInIndex = 0; path = BouncerTests.xctest; sourceTree = BUILT_PRODUCTS_DIR; };
		D46062E21B8B4E7A005C091A /* Info.plist */ = {isa = PBXFileReference; lastKnownFileType = text.plist.xml; path = Info.plist; sourceTree = "<group>"; };
		D46062E31B8B4E7A005C091A /* BouncerTests.swift */ = {isa = PBXFileReference; lastKnownFileType = sourcecode.swift; path = BouncerTests.swift; sourceTree = "<group>"; };
		D46063041B8B4EBE005C091A /* BouncerBehavior.swift */ = {isa = PBXFileReference; fileEncoding = 4; lastKnownFileType = sourcecode.swift; path = BouncerBehavior.swift; sourceTree = "<group>"; };
/* End PBXFileReference section */

/* Begin PBXFrameworksBuildPhase section */
		D46062C51B8B4E7A005C091A /* Frameworks */ = {
			isa = PBXFrameworksBuildPhase;
			buildActionMask = 2147483647;
			files = (
			);
			runOnlyForDeploymentPostprocessing = 0;
		};
		D46062DA1B8B4E7A005C091A /* Frameworks */ = {
			isa = PBXFrameworksBuildPhase;
			buildActionMask = 2147483647;
			files = (
			);
			runOnlyForDeploymentPostprocessing = 0;
		};
/* End PBXFrameworksBuildPhase section */

/* Begin PBXGroup section */
		D46062BF1B8B4E7A005C091A = {
			isa = PBXGroup;
			children = (
				D46062CA1B8B4E7A005C091A /* Bouncer */,
				D46062E01B8B4E7A005C091A /* BouncerTests */,
				D46062C91B8B4E7A005C091A /* Products */,
			);
			sourceTree = "<group>";
		};
		D46062C91B8B4E7A005C091A /* Products */ = {
			isa = PBXGroup;
			children = (
				D46062C81B8B4E7A005C091A /* Bouncer.app */,
				D46062DD1B8B4E7A005C091A /* BouncerTests.xctest */,
			);
			name = Products;
			sourceTree = "<group>";
		};
		D46062CA1B8B4E7A005C091A /* Bouncer */ = {
			isa = PBXGroup;
			children = (
				D46063041B8B4EBE005C091A /* BouncerBehavior.swift */,
				D46062CD1B8B4E7A005C091A /* AppDelegate.swift */,
				D46062CF1B8B4E7A005C091A /* ViewController.swift */,
				D46062D11B8B4E7A005C091A /* Main.storyboard */,
				D46062D41B8B4E7A005C091A /* Images.xcassets */,
				D46062D61B8B4E7A005C091A /* LaunchScreen.xib */,
				D46062CB1B8B4E7A005C091A /* Supporting Files */,
			);
			path = Bouncer;
			sourceTree = "<group>";
		};
		D46062CB1B8B4E7A005C091A /* Supporting Files */ = {
			isa = PBXGroup;
			children = (
				D46062CC1B8B4E7A005C091A /* Info.plist */,
			);
			name = "Supporting Files";
			sourceTree = "<group>";
		};
		D46062E01B8B4E7A005C091A /* BouncerTests */ = {
			isa = PBXGroup;
			children = (
				D46062E31B8B4E7A005C091A /* BouncerTests.swift */,
				D46062E11B8B4E7A005C091A /* Supporting Files */,
			);
			path = BouncerTests;
			sourceTree = "<group>";
		};
		D46062E11B8B4E7A005C091A /* Supporting Files */ = {
			isa = PBXGroup;
			children = (
				D46062E21B8B4E7A005C091A /* Info.plist */,
			);
			name = "Supporting Files";
			sourceTree = "<group>";
		};
/* End PBXGroup section */

/* Begin PBXNativeTarget section */
		D46062C71B8B4E7A005C091A /* Bouncer */ = {
			isa = PBXNativeTarget;
			buildConfigurationList = D46062E71B8B4E7A005C091A /* Build configuration list for PBXNativeTarget "Bouncer" */;
			buildPhases = (
				D46062C41B8B4E7A005C091A /* Sources */,
				D46062C51B8B4E7A005C091A /* Frameworks */,
				D46062C61B8B4E7A005C091A /* Resources */,
			);
			buildRules = (
			);
			dependencies = (
			);
			name = Bouncer;
			productName = Bouncer;
			productReference = D46062C81B8B4E7A005C091A /* Bouncer.app */;
			productType = "com.apple.product-type.application";
		};
		D46062DC1B8B4E7A005C091A /* BouncerTests */ = {
			isa = PBXNativeTarget;
			buildConfigurationList = D46062EA1B8B4E7A005C091A /* Build configuration list for PBXNativeTarget "BouncerTests" */;
			buildPhases = (
				D46062D91B8B4E7A005C091A /* Sources */,
				D46062DA1B8B4E7A005C091A /* Frameworks */,
				D46062DB1B8B4E7A005C091A /* Resources */,
			);
			buildRules = (
			);
			dependencies = (
				D46062DF1B8B4E7A005C091A /* PBXTargetDependency */,
			);
			name = BouncerTests;
			productName = BouncerTests;
			productReference = D46062DD1B8B4E7A005C091A /* BouncerTests.xctest */;
			productType = "com.apple.product-type.bundle.unit-test";
		};
/* End PBXNativeTarget section */

/* Begin PBXProject section */
		D46062C01B8B4E7A005C091A /* Project object */ = {
			isa = PBXProject;
			attributes = {
				LastUpgradeCheck = 0640;
				ORGANIZATIONNAME = anta;
				TargetAttributes = {
					D46062C71B8B4E7A005C091A = {
						CreatedOnToolsVersion = 6.4;
					};
					D46062DC1B8B4E7A005C091A = {
						CreatedOnToolsVersion = 6.4;
						TestTargetID = D46062C71B8B4E7A005C091A;
					};
				};
			};
			buildConfigurationList = D46062C31B8B4E7A005C091A /* Build configuration list for PBXProject "Bouncer" */;
			compatibilityVersion = "Xcode 3.2";
			developmentRegion = English;
			hasScannedForEncodings = 0;
			knownRegions = (
				en,
				Base,
			);
			mainGroup = D46062BF1B8B4E7A005C091A;
			productRefGroup = D46062C91B8B4E7A005C091A /* Products */;
			projectDirPath = "";
			projectRoot = "";
			targets = (
				D46062C71B8B4E7A005C091A /* Bouncer */,
				D46062DC1B8B4E7A005C091A /* BouncerTests */,
			);
		};
/* End PBXProject section */

/* Begin PBXResourcesBuildPhase section */
		D46062C61B8B4E7A005C091A /* Resources */ = {
			isa = PBXResourcesBuildPhase;
			buildActionMask = 2147483647;
			files = (
				D46062D31B8B4E7A005C091A /* Main.storyboard in Resources */,
				D46062D81B8B4E7A005C091A /* LaunchScreen.xib in Resources */,
				D46062D51B8B4E7A005C091A /* Images.xcassets in Resources */,
			);
			runOnlyForDeploymentPostprocessing = 0;
		};
		D46062DB1B8B4E7A005C091A /* Resources */ = {
			isa = PBXResourcesBuildPhase;
			buildActionMask = 2147483647;
			files = (
			);
			runOnlyForDeploymentPostprocessing = 0;
		};
/* End PBXResourcesBuildPhase section */

/* Begin PBXSourcesBuildPhase section */
		D46062C41B8B4E7A005C091A /* Sources */ = {
			isa = PBXSourcesBuildPhase;
			buildActionMask = 2147483647;
			files = (
				D46062D01B8B4E7A005C091A /* ViewController.swift in Sources */,
				D46062CE1B8B4E7A005C091A /* AppDelegate.swift in Sources */,
				D46063051B8B4EBE005C091A /* BouncerBehavior.swift in Sources */,
			);
			runOnlyForDeploymentPostprocessing = 0;
		};
		D46062D91B8B4E7A005C091A /* Sources */ = {
			isa = PBXSourcesBuildPhase;
			buildActionMask = 2147483647;
			files = (
				D46062E41B8B4E7A005C091A /* BouncerTests.swift in Sources */,
			);
			runOnlyForDeploymentPostprocessing = 0;
		};
/* End PBXSourcesBuildPhase section */

/* Begin PBXTargetDependency section */
		D46062DF1B8B4E7A005C091A /* PBXTargetDependency */ = {
			isa = PBXTargetDependency;
			target = D46062C71B8B4E7A005C091A /* Bouncer */;
			targetProxy = D46062DE1B8B4E7A005C091A /* PBXContainerItemProxy */;
		};
/* End PBXTargetDependency section */

/* Begin PBXVariantGroup section */
		D46062D11B8B4E7A005C091A /* Main.storyboard */ = {
			isa = PBXVariantGroup;
			children = (
				D46062D21B8B4E7A005C091A /* Base */,
			);
			name = Main.storyboard;
			sourceTree = "<group>";
		};
		D46062D61B8B4E7A005C091A /* LaunchScreen.xib */ = {
			isa = PBXVariantGroup;
			children = (
				D46062D71B8B4E7A005C091A /* Base */,
			);
			name = LaunchScreen.xib;
			sourceTree = "<group>";
		};
/* End PBXVariantGroup section */

/* Begin XCBuildConfiguration section */
		D46062E51B8B4E7A005C091A /* Debug */ = {
			isa = XCBuildConfiguration;
			buildSettings = {
				ALWAYS_SEARCH_USER_PATHS = NO;
				CLANG_CXX_LANGUAGE_STANDARD = "gnu++0x";
				CLANG_CXX_LIBRARY = "libc++";
				CLANG_ENABLE_MODULES = YES;
				CLANG_ENABLE_OBJC_ARC = YES;
				CLANG_WARN_BOOL_CONVERSION = YES;
				CLANG_WARN_CONSTANT_CONVERSION = YES;
				CLANG_WARN_DIRECT_OBJC_ISA_USAGE = YES_ERROR;
				CLANG_WARN_EMPTY_BODY = YES;
				CLANG_WARN_ENUM_CONVERSION = YES;
				CLANG_WARN_INT_CONVERSION = YES;
				CLANG_WARN_OBJC_ROOT_CLASS = YES_ERROR;
				CLANG_WARN_UNREACHABLE_CODE = YES;
				CLANG_WARN__DUPLICATE_METHOD_MATCH = YES;
				"CODE_SIGN_IDENTITY[sdk=iphoneos*]" = "iPhone Developer";
				COPY_PHASE_STRIP = NO;
				DEBUG_INFORMATION_FORMAT = "dwarf-with-dsym";
				ENABLE_STRICT_OBJC_MSGSEND = YES;
				GCC_C_LANGUAGE_STANDARD = gnu99;
				GCC_DYNAMIC_NO_PIC = NO;
				GCC_NO_COMMON_BLOCKS = YES;
				GCC_OPTIMIZATION_LEVEL = 0;
				GCC_PREPROCESSOR_DEFINITIONS = (
					"DEBUG=1",
					"$(inherited)",
				);
				GCC_SYMBOLS_PRIVATE_EXTERN = NO;
				GCC_WARN_64_TO_32_BIT_CONVERSION = YES;
				GCC_WARN_ABOUT_RETURN_TYPE = YES_ERROR;
				GCC_WARN_UNDECLARED_SELECTOR = YES;
				GCC_WARN_UNINITIALIZED_AUTOS = YES_AGGRESSIVE;
				GCC_WARN_UNUSED_FUNCTION = YES;
				GCC_WARN_UNUSED_VARIABLE = YES;
				IPHONEOS_DEPLOYMENT_TARGET = 8.4;
				MTL_ENABLE_DEBUG_INFO = YES;
				ONLY_ACTIVE_ARCH = YES;
				SDKROOT = iphoneos;
				SWIFT_OPTIMIZATION_LEVEL = "-Onone";
				TARGETED_DEVICE_FAMILY = "1,2";
			};
			name = Debug;
		};
		D46062E61B8B4E7A005C091A /* Release */ = {
			isa = XCBuildConfiguration;
			buildSettings = {
				ALWAYS_SEARCH_USER_PATHS = NO;
				CLANG_CXX_LANGUAGE_STANDARD = "gnu++0x";
				CLANG_CXX_LIBRARY = "libc++";
				CLANG_ENABLE_MODULES = YES;
				CLANG_ENABLE_OBJC_ARC = YES;
				CLANG_WARN_BOOL_CONVERSION = YES;
				CLANG_WARN_CONSTANT_CONVERSION = YES;
				CLANG_WARN_DIRECT_OBJC_ISA_USAGE = YES_ERROR;
				CLANG_WARN_EMPTY_BODY = YES;
				CLANG_WARN_ENUM_CONVERSION = YES;
				CLANG_WARN_INT_CONVERSION = YES;
				CLANG_WARN_OBJC_ROOT_CLASS = YES_ERROR;
				CLANG_WARN_UNREACHABLE_CODE = YES;
				CLANG_WARN__DUPLICATE_METHOD_MATCH = YES;
				"CODE_SIGN_IDENTITY[sdk=iphoneos*]" = "iPhone Developer";
				COPY_PHASE_STRIP = NO;
				DEBUG_INFORMATION_FORMAT = "dwarf-with-dsym";
				ENABLE_NS_ASSERTIONS = NO;
				ENABLE_STRICT_OBJC_MSGSEND = YES;
				GCC_C_LANGUAGE_STANDARD = gnu99;
				GCC_NO_COMMON_BLOCKS = YES;
				GCC_WARN_64_TO_32_BIT_CONVERSION = YES;
				GCC_WARN_ABOUT_RETURN_TYPE = YES_ERROR;
				GCC_WARN_UNDECLARED_SELECTOR = YES;
				GCC_WARN_UNINITIALIZED_AUTOS = YES_AGGRESSIVE;
				GCC_WARN_UNUSED_FUNCTION = YES;
				GCC_WARN_UNUSED_VARIABLE = YES;
				IPHONEOS_DEPLOYMENT_TARGET = 8.4;
				MTL_ENABLE_DEBUG_INFO = NO;
				SDKROOT = iphoneos;
				TARGETED_DEVICE_FAMILY = "1,2";
				VALIDATE_PRODUCT = YES;
			};
			name = Release;
		};
		D46062E81B8B4E7A005C091A /* Debug */ = {
			isa = XCBuildConfiguration;
			buildSettings = {
				ASSETCATALOG_COMPILER_APPICON_NAME = AppIcon;
				INFOPLIST_FILE = Bouncer/Info.plist;
				LD_RUNPATH_SEARCH_PATHS = "$(inherited) @executable_path/Frameworks";
				PRODUCT_NAME = "$(TARGET_NAME)";
			};
			name = Debug;
		};
		D46062E91B8B4E7A005C091A /* Release */ = {
			isa = XCBuildConfiguration;
			buildSettings = {
				ASSETCATALOG_COMPILER_APPICON_NAME = AppIcon;
				INFOPLIST_FILE = Bouncer/Info.plist;
				LD_RUNPATH_SEARCH_PATHS = "$(inherited) @executable_path/Frameworks";
				PRODUCT_NAME = "$(TARGET_NAME)";
			};
			name = Release;
		};
		D46062EB1B8B4E7A005C091A /* Debug */ = {
			isa = XCBuildConfiguration;
			buildSettings = {
				BUNDLE_LOADER = "$(TEST_HOST)";
				FRAMEWORK_SEARCH_PATHS = (
					"$(SDKROOT)/Developer/Library/Frameworks",
					"$(inherited)",
				);
				GCC_PREPROCESSOR_DEFINITIONS = (
					"DEBUG=1",
					"$(inherited)",
				);
				INFOPLIST_FILE = BouncerTests/Info.plist;
				LD_RUNPATH_SEARCH_PATHS = "$(inherited) @executable_path/Frameworks @loader_path/Frameworks";
				PRODUCT_NAME = "$(TARGET_NAME)";
				TEST_HOST = "$(BUILT_PRODUCTS_DIR)/Bouncer.app/Bouncer";
			};
			name = Debug;
		};
		D46062EC1B8B4E7A005C091A /* Release */ = {
			isa = XCBuildConfiguration;
			buildSettings = {
				BUNDLE_LOADER = "$(TEST_HOST)";
				FRAMEWORK_SEARCH_PATHS = (
					"$(SDKROOT)/Developer/Library/Frameworks",
					"$(inherited)",
				);
				INFOPLIST_FILE = BouncerTests/Info.plist;
				LD_RUNPATH_SEARCH_PATHS = "$(inherited) @executable_path/Frameworks @loader_path/Frameworks";
				PRODUCT_NAME = "$(TARGET_NAME)";
				TEST_HOST = "$(BUILT_PRODUCTS_DIR)/Bouncer.app/Bouncer";
			};
			name = Release;
		};
/* End XCBuildConfiguration section */

/* Begin XCConfigurationList section */
		D46062C31B8B4E7A005C091A /* Build configuration list for PBXProject "Bouncer" */ = {
			isa = XCConfigurationList;
			buildConfigurations = (
				D46062E51B8B4E7A005C091A /* Debug */,
				D46062E61B8B4E7A005C091A /* Release */,
			);
			defaultConfigurationIsVisible = 0;
			defaultConfigurationName = Release;
		};
		D46062E71B8B4E7A005C091A /* Build configuration list for PBXNativeTarget "Bouncer" */ = {
			isa = XCConfigurationList;
			buildConfigurations = (
				D46062E81B8B4E7A005C091A /* Debug */,
				D46062E91B8B4E7A005C091A /* Release */,
			);
			defaultConfigurationIsVisible = 0;
		};
		D46062EA1B8B4E7A005C091A /* Build configuration list for PBXNativeTarget "BouncerTests" */ = {
			isa = XCConfigurationList;
			buildConfigurations = (
				D46062EB1B8B4E7A005C091A /* Debug */,
				D46062EC1B8B4E7A005C091A /* Release */,
			);
			defaultConfigurationIsVisible = 0;
		};
/* End XCConfigurationList section */
	};
	rootObject = D46062C01B8B4E7A005C091A /* Project object */;
}
