// !$*UTF8*$!
{
	archiveVersion = 1;
	classes = {
	};
	objectVersion = 46;
	objects = {

/* Begin PBXContainerItemProxy section */
		04454A9D1B4AA70C0089A6B6 /* PBXContainerItemProxy */ = {
			isa = PBXContainerItemProxy;
			containerPortal = 04454A981B4AA70A0089A6B6 /* Calculator.xcodeproj */;
			proxyType = 2;
			remoteGlobalIDString = 04454A731B4AA7090089A6B6;
			remoteInfo = Calculator;
		};
		04454A9F1B4AA70C0089A6B6 /* PBXContainerItemProxy */ = {
			isa = PBXContainerItemProxy;
			containerPortal = 04454A981B4AA70A0089A6B6 /* Calculator.xcodeproj */;
			proxyType = 2;
			remoteGlobalIDString = 04454A881B4AA70A0089A6B6;
			remoteInfo = CalculatorTests;
		};
		048803D71B555063000449D2 /* PBXContainerItemProxy */ = {
			isa = PBXContainerItemProxy;
			containerPortal = 048803D01B55505F000449D2 /* Happiness.xcodeproj */;
			proxyType = 2;
			remoteGlobalIDString = 048803AB1B55505F000449D2;
			remoteInfo = Happiness;
		};
		048803D91B555063000449D2 /* PBXContainerItemProxy */ = {
			isa = PBXContainerItemProxy;
			containerPortal = 048803D01B55505F000449D2 /* Happiness.xcodeproj */;
			proxyType = 2;
			remoteGlobalIDString = 048803C01B55505F000449D2;
			remoteInfo = HappinessTests;
		};
		04F77F5F1B6E33770001837A /* PBXContainerItemProxy */ = {
			isa = PBXContainerItemProxy;
			containerPortal = 04F77F561B6E33740001837A /* Psychologist.xcodeproj */;
			proxyType = 2;
			remoteGlobalIDString = 04F77F311B6E33740001837A;
			remoteInfo = Psychologist;
		};
		04F77F611B6E33770001837A /* PBXContainerItemProxy */ = {
			isa = PBXContainerItemProxy;
			containerPortal = 04F77F561B6E33740001837A /* Psychologist.xcodeproj */;
			proxyType = 2;
			remoteGlobalIDString = 04F77F461B6E33740001837A;
			remoteInfo = PsychologistTests;
		};
/* End PBXContainerItemProxy section */

/* Begin PBXFileReference section */
		04454A981B4AA70A0089A6B6 /* Calculator.xcodeproj */ = {isa = PBXFileReference; lastKnownFileType = "wrapper.pb-project"; name = Calculator.xcodeproj; path = Calculator/Calculator.xcodeproj; sourceTree = "<group>"; };
		048803D01B55505F000449D2 /* Happiness.xcodeproj */ = {isa = PBXFileReference; lastKnownFileType = "wrapper.pb-project"; name = Happiness.xcodeproj; path = Happiness/Happiness.xcodeproj; sourceTree = "<group>"; };
		04F77F561B6E33740001837A /* Psychologist.xcodeproj */ = {isa = PBXFileReference; lastKnownFileType = "wrapper.pb-project"; name = Psychologist.xcodeproj; path = Psychologist/Psychologist.xcodeproj; sourceTree = "<group>"; };
/* End PBXFileReference section */

/* Begin PBXGroup section */
		04454A631B4AA69A0089A6B6 = {
			isa = PBXGroup;
			children = (
				04F77F561B6E33740001837A /* Psychologist.xcodeproj */,
				048803D01B55505F000449D2 /* Happiness.xcodeproj */,
				04454A981B4AA70A0089A6B6 /* Calculator.xcodeproj */,
			);
			sourceTree = "<group>";
		};
		04454A991B4AA70A0089A6B6 /* Products */ = {
			isa = PBXGroup;
			children = (
				04454A9E1B4AA70C0089A6B6 /* Calculator.app */,
				04454AA01B4AA70C0089A6B6 /* CalculatorTests.xctest */,
			);
			name = Products;
			sourceTree = "<group>";
		};
		048803D11B55505F000449D2 /* Products */ = {
			isa = PBXGroup;
			children = (
				048803D81B555063000449D2 /* Happiness.app */,
				048803DA1B555063000449D2 /* HappinessTests.xctest */,
			);
			name = Products;
			sourceTree = "<group>";
		};
		04F77F571B6E33740001837A /* Products */ = {
			isa = PBXGroup;
			children = (
				04F77F601B6E33770001837A /* Psychologist.app */,
				04F77F621B6E33770001837A /* PsychologistTests.xctest */,
			);
			name = Products;
			sourceTree = "<group>";
		};
/* End PBXGroup section */

/* Begin PBXProject section */
		04454A641B4AA69A0089A6B6 /* Project object */ = {
			isa = PBXProject;
			attributes = {
				LastUpgradeCheck = 0630;
			};
			buildConfigurationList = 04454A671B4AA69A0089A6B6 /* Build configuration list for PBXProject "iOS8" */;
			compatibilityVersion = "Xcode 3.2";
			developmentRegion = English;
			hasScannedForEncodings = 0;
			knownRegions = (
				en,
			);
			mainGroup = 04454A631B4AA69A0089A6B6;
			projectDirPath = "";
			projectReferences = (
				{
					ProductGroup = 04454A991B4AA70A0089A6B6 /* Products */;
					ProjectRef = 04454A981B4AA70A0089A6B6 /* Calculator.xcodeproj */;
				},
				{
					ProductGroup = 048803D11B55505F000449D2 /* Products */;
					ProjectRef = 048803D01B55505F000449D2 /* Happiness.xcodeproj */;
				},
				{
					ProductGroup = 04F77F571B6E33740001837A /* Products */;
					ProjectRef = 04F77F561B6E33740001837A /* Psychologist.xcodeproj */;
				},
			);
			projectRoot = "";
			targets = (
			);
		};
/* End PBXProject section */

/* Begin PBXReferenceProxy section */
		04454A9E1B4AA70C0089A6B6 /* Calculator.app */ = {
			isa = PBXReferenceProxy;
			fileType = wrapper.application;
			path = Calculator.app;
			remoteRef = 04454A9D1B4AA70C0089A6B6 /* PBXContainerItemProxy */;
			sourceTree = BUILT_PRODUCTS_DIR;
		};
		04454AA01B4AA70C0089A6B6 /* CalculatorTests.xctest */ = {
			isa = PBXReferenceProxy;
			fileType = wrapper.cfbundle;
			path = CalculatorTests.xctest;
			remoteRef = 04454A9F1B4AA70C0089A6B6 /* PBXContainerItemProxy */;
			sourceTree = BUILT_PRODUCTS_DIR;
		};
		048803D81B555063000449D2 /* Happiness.app */ = {
			isa = PBXReferenceProxy;
			fileType = wrapper.application;
			path = Happiness.app;
			remoteRef = 048803D71B555063000449D2 /* PBXContainerItemProxy */;
			sourceTree = BUILT_PRODUCTS_DIR;
		};
		048803DA1B555063000449D2 /* HappinessTests.xctest */ = {
			isa = PBXReferenceProxy;
			fileType = wrapper.cfbundle;
			path = HappinessTests.xctest;
			remoteRef = 048803D91B555063000449D2 /* PBXContainerItemProxy */;
			sourceTree = BUILT_PRODUCTS_DIR;
		};
		04F77F601B6E33770001837A /* Psychologist.app */ = {
			isa = PBXReferenceProxy;
			fileType = wrapper.application;
			path = Psychologist.app;
			remoteRef = 04F77F5F1B6E33770001837A /* PBXContainerItemProxy */;
			sourceTree = BUILT_PRODUCTS_DIR;
		};
		04F77F621B6E33770001837A /* PsychologistTests.xctest */ = {
			isa = PBXReferenceProxy;
			fileType = wrapper.cfbundle;
			path = PsychologistTests.xctest;
			remoteRef = 04F77F611B6E33770001837A /* PBXContainerItemProxy */;
			sourceTree = BUILT_PRODUCTS_DIR;
		};
/* End PBXReferenceProxy section */

/* Begin XCBuildConfiguration section */
		04454A681B4AA69B0089A6B6 /* Debug */ = {
			isa = XCBuildConfiguration;
			buildSettings = {
			};
			name = Debug;
		};
		04454A691B4AA69B0089A6B6 /* Release */ = {
			isa = XCBuildConfiguration;
			buildSettings = {
			};
			name = Release;
		};
/* End XCBuildConfiguration section */

/* Begin XCConfigurationList section */
		04454A671B4AA69A0089A6B6 /* Build configuration list for PBXProject "iOS8" */ = {
			isa = XCConfigurationList;
			buildConfigurations = (
				04454A681B4AA69B0089A6B6 /* Debug */,
				04454A691B4AA69B0089A6B6 /* Release */,
			);
			defaultConfigurationIsVisible = 0;
			defaultConfigurationName = Release;
		};
/* End XCConfigurationList section */
	};
	rootObject = 04454A641B4AA69A0089A6B6 /* Project object */;
}
