// !$*UTF8*$!
{
	archiveVersion = 1;
	classes = {
	};
	objectVersion = 46;
	objects = {

/* Begin PBXBuildFile section */
		04CD22AC1B74EADA00998BC1 /* AppDelegate.swift in Sources */ = {isa = PBXBuildFile; fileRef = 04CD22AB1B74EADA00998BC1 /* AppDelegate.swift */; };
		04CD22AE1B74EADA00998BC1 /* ViewController.swift in Sources */ = {isa = PBXBuildFile; fileRef = 04CD22AD1B74EADA00998BC1 /* ViewController.swift */; };
		04CD22B11B74EADA00998BC1 /* Main.storyboard in Resources */ = {isa = PBXBuildFile; fileRef = 04CD22AF1B74EADA00998BC1 /* Main.storyboard */; };
		04CD22B31B74EADA00998BC1 /* Images.xcassets in Resources */ = {isa = PBXBuildFile; fileRef = 04CD22B21B74EADA00998BC1 /* Images.xcassets */; };
		04CD22B61B74EADA00998BC1 /* LaunchScreen.xib in Resources */ = {isa = PBXBuildFile; fileRef = 04CD22B41B74EADA00998BC1 /* LaunchScreen.xib */; };
		04CD22C21B74EADA00998BC1 /* AutoLayoutTests.swift in Sources */ = {isa = PBXBuildFile; fileRef = 04CD22C11B74EADA00998BC1 /* AutoLayoutTests.swift */; };
/* End PBXBuildFile section */

/* Begin PBXContainerItemProxy section */
		04CD22BC1B74EADA00998BC1 /* PBXContainerItemProxy */ = {
			isa = PBXContainerItemProxy;
			containerPortal = 04CD229E1B74EAD900998BC1 /* Project object */;
			proxyType = 1;
			remoteGlobalIDString = 04CD22A51B74EADA00998BC1;
			remoteInfo = AutoLayout;
		};
/* End PBXContainerItemProxy section */

/* Begin PBXFileReference section */
		04CD22A61B74EADA00998BC1 /* AutoLayout.app */ = {isa = PBXFileReference; explicitFileType = wrapper.application; includeInIndex = 0; path = AutoLayout.app; sourceTree = BUILT_PRODUCTS_DIR; };
		04CD22AA1B74EADA00998BC1 /* Info.plist */ = {isa = PBXFileReference; lastKnownFileType = text.plist.xml; path = Info.plist; sourceTree = "<group>"; };
		04CD22AB1B74EADA00998BC1 /* AppDelegate.swift */ = {isa = PBXFileReference; lastKnownFileType = sourcecode.swift; path = AppDelegate.swift; sourceTree = "<group>"; };
		04CD22AD1B74EADA00998BC1 /* ViewController.swift */ = {isa = PBXFileReference; lastKnownFileType = sourcecode.swift; path = ViewController.swift; sourceTree = "<group>"; };
		04CD22B01B74EADA00998BC1 /* Base */ = {isa = PBXFileReference; lastKnownFileType = file.storyboard; name = Base; path = Base.lproj/Main.storyboard; sourceTree = "<group>"; };
		04CD22B21B74EADA00998BC1 /* Images.xcassets */ = {isa = PBXFileReference; lastKnownFileType = folder.assetcatalog; path = Images.xcassets; sourceTree = "<group>"; };
		04CD22B51B74EADA00998BC1 /* Base */ = {isa = PBXFileReference; lastKnownFileType = file.xib; name = Base; path = Base.lproj/LaunchScreen.xib; sourceTree = "<group>"; };
		04CD22BB1B74EADA00998BC1 /* AutoLayoutTests.xctest */ = {isa = PBXFileReference; explicitFileType = wrapper.cfbundle; includeInIndex = 0; path = AutoLayoutTests.xctest; sourceTree = BUILT_PRODUCTS_DIR; };
		04CD22C01B74EADA00998BC1 /* Info.plist */ = {isa = PBXFileReference; lastKnownFileType = text.plist.xml; path = Info.plist; sourceTree = "<group>"; };
		04CD22C11B74EADA00998BC1 /* AutoLayoutTests.swift */ = {isa = PBXFileReference; lastKnownFileType = sourcecode.swift; path = AutoLayoutTests.swift; sourceTree = "<group>"; };
		D4E8E46F1B987945002AEB8E /* zh-Hans */ = {isa = PBXFileReference; lastKnownFileType = text.plist.strings; name = "zh-Hans"; path = "zh-Hans.lproj/Main.strings"; sourceTree = "<group>"; };
		D4E8E4701B98794A002AEB8E /* fr */ = {isa = PBXFileReference; lastKnownFileType = text.plist.strings; name = fr; path = fr.lproj/Main.strings; sourceTree = "<group>"; };
		D4E8E4711B987957002AEB8E /* ko */ = {isa = PBXFileReference; lastKnownFileType = text.plist.strings; name = ko; path = ko.lproj/Main.strings; sourceTree = "<group>"; };
		D4E8E4721B987964002AEB8E /* de */ = {isa = PBXFileReference; lastKnownFileType = text.plist.strings; name = de; path = de.lproj/Main.strings; sourceTree = "<group>"; };
/* End PBXFileReference section */

/* Begin PBXFrameworksBuildPhase section */
		04CD22A31B74EADA00998BC1 /* Frameworks */ = {
			isa = PBXFrameworksBuildPhase;
			buildActionMask = 2147483647;
			files = (
			);
			runOnlyForDeploymentPostprocessing = 0;
		};
		04CD22B81B74EADA00998BC1 /* Frameworks */ = {
			isa = PBXFrameworksBuildPhase;
			buildActionMask = 2147483647;
			files = (
			);
			runOnlyForDeploymentPostprocessing = 0;
		};
/* End PBXFrameworksBuildPhase section */

/* Begin PBXGroup section */
		04CD229D1B74EAD900998BC1 = {
			isa = PBXGroup;
			children = (
				04CD22A81B74EADA00998BC1 /* AutoLayout */,
				04CD22BE1B74EADA00998BC1 /* AutoLayoutTests */,
				04CD22A71B74EADA00998BC1 /* Products */,
			);
			sourceTree = "<group>";
		};
		04CD22A71B74EADA00998BC1 /* Products */ = {
			isa = PBXGroup;
			children = (
				04CD22A61B74EADA00998BC1 /* AutoLayout.app */,
				04CD22BB1B74EADA00998BC1 /* AutoLayoutTests.xctest */,
			);
			name = Products;
			sourceTree = "<group>";
		};
		04CD22A81B74EADA00998BC1 /* AutoLayout */ = {
			isa = PBXGroup;
			children = (
				04CD22AD1B74EADA00998BC1 /* ViewController.swift */,
				04CD22AF1B74EADA00998BC1 /* Main.storyboard */,
				04CD22B21B74EADA00998BC1 /* Images.xcassets */,
				04CD22A91B74EADA00998BC1 /* Supporting Files */,
			);
			path = AutoLayout;
			sourceTree = "<group>";
		};
		04CD22A91B74EADA00998BC1 /* Supporting Files */ = {
			isa = PBXGroup;
			children = (
				04CD22B41B74EADA00998BC1 /* LaunchScreen.xib */,
				04CD22AB1B74EADA00998BC1 /* AppDelegate.swift */,
				04CD22AA1B74EADA00998BC1 /* Info.plist */,
			);
			name = "Supporting Files";
			sourceTree = "<group>";
		};
		04CD22BE1B74EADA00998BC1 /* AutoLayoutTests */ = {
			isa = PBXGroup;
			children = (
				04CD22C11B74EADA00998BC1 /* AutoLayoutTests.swift */,
				04CD22BF1B74EADA00998BC1 /* Supporting Files */,
			);
			path = AutoLayoutTests;
			sourceTree = "<group>";
		};
		04CD22BF1B74EADA00998BC1 /* Supporting Files */ = {
			isa = PBXGroup;
			children = (
				04CD22C01B74EADA00998BC1 /* Info.plist */,
			);
			name = "Supporting Files";
			sourceTree = "<group>";
		};
/* End PBXGroup section */

/* Begin PBXNativeTarget section */
		04CD22A51B74EADA00998BC1 /* AutoLayout */ = {
			isa = PBXNativeTarget;
			buildConfigurationList = 04CD22C51B74EADA00998BC1 /* Build configuration list for PBXNativeTarget "AutoLayout" */;
			buildPhases = (
				04CD22A21B74EADA00998BC1 /* Sources */,
				04CD22A31B74EADA00998BC1 /* Frameworks */,
				04CD22A41B74EADA00998BC1 /* Resources */,
			);
			buildRules = (
			);
			dependencies = (
			);
			name = AutoLayout;
			productName = AutoLayout;
			productReference = 04CD22A61B74EADA00998BC1 /* AutoLayout.app */;
			productType = "com.apple.product-type.application";
		};
		04CD22BA1B74EADA00998BC1 /* AutoLayoutTests */ = {
			isa = PBXNativeTarget;
			buildConfigurationList = 04CD22C81B74EADA00998BC1 /* Build configuration list for PBXNativeTarget "AutoLayoutTests" */;
			buildPhases = (
				04CD22B71B74EADA00998BC1 /* Sources */,
				04CD22B81B74EADA00998BC1 /* Frameworks */,
				04CD22B91B74EADA00998BC1 /* Resources */,
			);
			buildRules = (
			);
			dependencies = (
				04CD22BD1B74EADA00998BC1 /* PBXTargetDependency */,
			);
			name = AutoLayoutTests;
			productName = AutoLayoutTests;
			productReference = 04CD22BB1B74EADA00998BC1 /* AutoLayoutTests.xctest */;
			productType = "com.apple.product-type.bundle.unit-test";
		};
/* End PBXNativeTarget section */

/* Begin PBXProject section */
		04CD229E1B74EAD900998BC1 /* Project object */ = {
			isa = PBXProject;
			attributes = {
				LastUpgradeCheck = 0640;
				ORGANIZATIONNAME = Anta;
				TargetAttributes = {
					04CD22A51B74EADA00998BC1 = {
						CreatedOnToolsVersion = 6.4;
					};
					04CD22BA1B74EADA00998BC1 = {
						CreatedOnToolsVersion = 6.4;
						TestTargetID = 04CD22A51B74EADA00998BC1;
					};
				};
			};
			buildConfigurationList = 04CD22A11B74EAD900998BC1 /* Build configuration list for PBXProject "AutoLayout" */;
			compatibilityVersion = "Xcode 3.2";
			developmentRegion = English;
			hasScannedForEncodings = 0;
			knownRegions = (
				en,
				Base,
			);
			mainGroup = 04CD229D1B74EAD900998BC1;
			productRefGroup = 04CD22A71B74EADA00998BC1 /* Products */;
			projectDirPath = "";
			projectRoot = "";
			targets = (
				04CD22A51B74EADA00998BC1 /* AutoLayout */,
				04CD22BA1B74EADA00998BC1 /* AutoLayoutTests */,
			);
		};
/* End PBXProject section */

/* Begin PBXResourcesBuildPhase section */
		04CD22A41B74EADA00998BC1 /* Resources */ = {
			isa = PBXResourcesBuildPhase;
			buildActionMask = 2147483647;
			files = (
				04CD22B11B74EADA00998BC1 /* Main.storyboard in Resources */,
				04CD22B61B74EADA00998BC1 /* LaunchScreen.xib in Resources */,
				04CD22B31B74EADA00998BC1 /* Images.xcassets in Resources */,
			);
			runOnlyForDeploymentPostprocessing = 0;
		};
		04CD22B91B74EADA00998BC1 /* Resources */ = {
			isa = PBXResourcesBuildPhase;
			buildActionMask = 2147483647;
			files = (
			);
			runOnlyForDeploymentPostprocessing = 0;
		};
/* End PBXResourcesBuildPhase section */

/* Begin PBXSourcesBuildPhase section */
		04CD22A21B74EADA00998BC1 /* Sources */ = {
			isa = PBXSourcesBuildPhase;
			buildActionMask = 2147483647;
			files = (
				04CD22AE1B74EADA00998BC1 /* ViewController.swift in Sources */,
				04CD22AC1B74EADA00998BC1 /* AppDelegate.swift in Sources */,
			);
			runOnlyForDeploymentPostprocessing = 0;
		};
		04CD22B71B74EADA00998BC1 /* Sources */ = {
			isa = PBXSourcesBuildPhase;
			buildActionMask = 2147483647;
			files = (
				04CD22C21B74EADA00998BC1 /* AutoLayoutTests.swift in Sources */,
			);
			runOnlyForDeploymentPostprocessing = 0;
		};
/* End PBXSourcesBuildPhase section */

/* Begin PBXTargetDependency section */
		04CD22BD1B74EADA00998BC1 /* PBXTargetDependency */ = {
			isa = PBXTargetDependency;
			target = 04CD22A51B74EADA00998BC1 /* AutoLayout */;
			targetProxy = 04CD22BC1B74EADA00998BC1 /* PBXContainerItemProxy */;
		};
/* End PBXTargetDependency section */

/* Begin PBXVariantGroup section */
		04CD22AF1B74EADA00998BC1 /* Main.storyboard */ = {
			isa = PBXVariantGroup;
			children = (
				04CD22B01B74EADA00998BC1 /* Base */,
				D4E8E46F1B987945002AEB8E /* zh-Hans */,
				D4E8E4701B98794A002AEB8E /* fr */,
				D4E8E4711B987957002AEB8E /* ko */,
				D4E8E4721B987964002AEB8E /* de */,
			);
			name = Main.storyboard;
			sourceTree = "<group>";
		};
		04CD22B41B74EADA00998BC1 /* LaunchScreen.xib */ = {
			isa = PBXVariantGroup;
			children = (
				04CD22B51B74EADA00998BC1 /* Base */,
			);
			name = LaunchScreen.xib;
			sourceTree = "<group>";
		};
/* End PBXVariantGroup section */

/* Begin XCBuildConfiguration section */
		04CD22C31B74EADA00998BC1 /* Debug */ = {
			isa = XCBuildConfiguration;
			buildSettings = {
				ALWAYS_SEARCH_USER_PATHS = NO;
				CLANG_CXX_LANGUAGE_STANDARD = "gnu++0x";
				CLANG_CXX_LIBRARY = "libc++";
				CLANG_ENABLE_MODULES = YES;
				CLANG_ENABLE_OBJC_ARC = YES;
				CLANG_WARN_BOOL_CONVERSION = YES;
				CLANG_WARN_CONSTANT_CONVERSION = YES;
				CLANG_WARN_DIRECT_OBJC_ISA_USAGE = YES_ERROR;
				CLANG_WARN_EMPTY_BODY = YES;
				CLANG_WARN_ENUM_CONVERSION = YES;
				CLANG_WARN_INT_CONVERSION = YES;
				CLANG_WARN_OBJC_ROOT_CLASS = YES_ERROR;
				CLANG_WARN_UNREACHABLE_CODE = YES;
				CLANG_WARN__DUPLICATE_METHOD_MATCH = YES;
				"CODE_SIGN_IDENTITY[sdk=iphoneos*]" = "iPhone Developer";
				COPY_PHASE_STRIP = NO;
				DEBUG_INFORMATION_FORMAT = "dwarf-with-dsym";
				ENABLE_STRICT_OBJC_MSGSEND = YES;
				GCC_C_LANGUAGE_STANDARD = gnu99;
				GCC_DYNAMIC_NO_PIC = NO;
				GCC_NO_COMMON_BLOCKS = YES;
				GCC_OPTIMIZATION_LEVEL = 0;
				GCC_PREPROCESSOR_DEFINITIONS = (
					"DEBUG=1",
					"$(inherited)",
				);
				GCC_SYMBOLS_PRIVATE_EXTERN = NO;
				GCC_WARN_64_TO_32_BIT_CONVERSION = YES;
				GCC_WARN_ABOUT_RETURN_TYPE = YES_ERROR;
				GCC_WARN_UNDECLARED_SELECTOR = YES;
				GCC_WARN_UNINITIALIZED_AUTOS = YES_AGGRESSIVE;
				GCC_WARN_UNUSED_FUNCTION = YES;
				GCC_WARN_UNUSED_VARIABLE = YES;
				IPHONEOS_DEPLOYMENT_TARGET = 8.4;
				MTL_ENABLE_DEBUG_INFO = YES;
				ONLY_ACTIVE_ARCH = YES;
				SDKROOT = iphoneos;
				SWIFT_OPTIMIZATION_LEVEL = "-Onone";
				TARGETED_DEVICE_FAMILY = "1,2";
			};
			name = Debug;
		};
		04CD22C41B74EADA00998BC1 /* Release */ = {
			isa = XCBuildConfiguration;
			buildSettings = {
				ALWAYS_SEARCH_USER_PATHS = NO;
				CLANG_CXX_LANGUAGE_STANDARD = "gnu++0x";
				CLANG_CXX_LIBRARY = "libc++";
				CLANG_ENABLE_MODULES = YES;
				CLANG_ENABLE_OBJC_ARC = YES;
				CLANG_WARN_BOOL_CONVERSION = YES;
				CLANG_WARN_CONSTANT_CONVERSION = YES;
				CLANG_WARN_DIRECT_OBJC_ISA_USAGE = YES_ERROR;
				CLANG_WARN_EMPTY_BODY = YES;
				CLANG_WARN_ENUM_CONVERSION = YES;
				CLANG_WARN_INT_CONVERSION = YES;
				CLANG_WARN_OBJC_ROOT_CLASS = YES_ERROR;
				CLANG_WARN_UNREACHABLE_CODE = YES;
				CLANG_WARN__DUPLICATE_METHOD_MATCH = YES;
				"CODE_SIGN_IDENTITY[sdk=iphoneos*]" = "iPhone Developer";
				COPY_PHASE_STRIP = NO;
				DEBUG_INFORMATION_FORMAT = "dwarf-with-dsym";
				ENABLE_NS_ASSERTIONS = NO;
				ENABLE_STRICT_OBJC_MSGSEND = YES;
				GCC_C_LANGUAGE_STANDARD = gnu99;
				GCC_NO_COMMON_BLOCKS = YES;
				GCC_WARN_64_TO_32_BIT_CONVERSION = YES;
				GCC_WARN_ABOUT_RETURN_TYPE = YES_ERROR;
				GCC_WARN_UNDECLARED_SELECTOR = YES;
				GCC_WARN_UNINITIALIZED_AUTOS = YES_AGGRESSIVE;
				GCC_WARN_UNUSED_FUNCTION = YES;
				GCC_WARN_UNUSED_VARIABLE = YES;
				IPHONEOS_DEPLOYMENT_TARGET = 8.4;
				MTL_ENABLE_DEBUG_INFO = NO;
				SDKROOT = iphoneos;
				TARGETED_DEVICE_FAMILY = "1,2";
				VALIDATE_PRODUCT = YES;
			};
			name = Release;
		};
		04CD22C61B74EADA00998BC1 /* Debug */ = {
			isa = XCBuildConfiguration;
			buildSettings = {
				ASSETCATALOG_COMPILER_APPICON_NAME = AppIcon;
				INFOPLIST_FILE = AutoLayout/Info.plist;
				LD_RUNPATH_SEARCH_PATHS = "$(inherited) @executable_path/Frameworks";
				PRODUCT_NAME = "$(TARGET_NAME)";
			};
			name = Debug;
		};
		04CD22C71B74EADA00998BC1 /* Release */ = {
			isa = XCBuildConfiguration;
			buildSettings = {
				ASSETCATALOG_COMPILER_APPICON_NAME = AppIcon;
				INFOPLIST_FILE = AutoLayout/Info.plist;
				LD_RUNPATH_SEARCH_PATHS = "$(inherited) @executable_path/Frameworks";
				PRODUCT_NAME = "$(TARGET_NAME)";
			};
			name = Release;
		};
		04CD22C91B74EADA00998BC1 /* Debug */ = {
			isa = XCBuildConfiguration;
			buildSettings = {
				BUNDLE_LOADER = "$(TEST_HOST)";
				FRAMEWORK_SEARCH_PATHS = (
					"$(SDKROOT)/Developer/Library/Frameworks",
					"$(inherited)",
				);
				GCC_PREPROCESSOR_DEFINITIONS = (
					"DEBUG=1",
					"$(inherited)",
				);
				INFOPLIST_FILE = AutoLayoutTests/Info.plist;
				LD_RUNPATH_SEARCH_PATHS = "$(inherited) @executable_path/Frameworks @loader_path/Frameworks";
				PRODUCT_NAME = "$(TARGET_NAME)";
				TEST_HOST = "$(BUILT_PRODUCTS_DIR)/AutoLayout.app/AutoLayout";
			};
			name = Debug;
		};
		04CD22CA1B74EADA00998BC1 /* Release */ = {
			isa = XCBuildConfiguration;
			buildSettings = {
				BUNDLE_LOADER = "$(TEST_HOST)";
				FRAMEWORK_SEARCH_PATHS = (
					"$(SDKROOT)/Developer/Library/Frameworks",
					"$(inherited)",
				);
				INFOPLIST_FILE = AutoLayoutTests/Info.plist;
				LD_RUNPATH_SEARCH_PATHS = "$(inherited) @executable_path/Frameworks @loader_path/Frameworks";
				PRODUCT_NAME = "$(TARGET_NAME)";
				TEST_HOST = "$(BUILT_PRODUCTS_DIR)/AutoLayout.app/AutoLayout";
			};
			name = Release;
		};
/* End XCBuildConfiguration section */

/* Begin XCConfigurationList section */
		04CD22A11B74EAD900998BC1 /* Build configuration list for PBXProject "AutoLayout" */ = {
			isa = XCConfigurationList;
			buildConfigurations = (
				04CD22C31B74EADA00998BC1 /* Debug */,
				04CD22C41B74EADA00998BC1 /* Release */,
			);
			defaultConfigurationIsVisible = 0;
			defaultConfigurationName = Release;
		};
		04CD22C51B74EADA00998BC1 /* Build configuration list for PBXNativeTarget "AutoLayout" */ = {
			isa = XCConfigurationList;
			buildConfigurations = (
				04CD22C61B74EADA00998BC1 /* Debug */,
				04CD22C71B74EADA00998BC1 /* Release */,
			);
			defaultConfigurationIsVisible = 0;
			defaultConfigurationName = Release;
		};
		04CD22C81B74EADA00998BC1 /* Build configuration list for PBXNativeTarget "AutoLayoutTests" */ = {
			isa = XCConfigurationList;
			buildConfigurations = (
				04CD22C91B74EADA00998BC1 /* Debug */,
				04CD22CA1B74EADA00998BC1 /* Release */,
			);
			defaultConfigurationIsVisible = 0;
			defaultConfigurationName = Release;
		};
/* End XCConfigurationList section */
	};
	rootObject = 04CD229E1B74EAD900998BC1 /* Project object */;
}
